
Microsoft Visual Studio Solution File, Format Version 12.00
# Visual Studio 15
VisualStudioVersion = 15.0.28307.572
MinimumVisualStudioVersion = 10.0.40219.1
Project("{2150E333-8FDC-42A3-9474-1A3956D46DE8}") = "src", "src", "{A029CBEC-816A-4F6F-BC10-2858515353EE}"
EndProject
Project("{9A19103F-16F7-4668-BE54-9A1E7A4F7556}") = "WebMVC", "src\Web\WebMVC\WebMVC.csproj", "{905912E8-50EE-401C-9727-31399F5B6B9E}"
EndProject
Project("{2150E333-8FDC-42A3-9474-1A3956D46DE8}") = "Web", "Web", "{91BB4504-F534-401E-9005-226C40D71200}"
EndProject
Project("{2150E333-8FDC-42A3-9474-1A3956D46DE8}") = "Services", "Services", "{95120BBA-F21D-4C41-947D-ECEC2A2AB2EB}"
EndProject
Project("{2150E333-8FDC-42A3-9474-1A3956D46DE8}") = "Identity", "Identity", "{AA159882-BE66-4D87-B2E5-589F6152A344}"
EndProject
Project("{9A19103F-16F7-4668-BE54-9A1E7A4F7556}") = "Identity.API", "src\Services\Identity\Identity.API\Identity.API.csproj", "{AB94BC9F-51A1-464F-8FC0-8CB0D8A667C6}"
EndProject
Project("{2150E333-8FDC-42A3-9474-1A3956D46DE8}") = "Basket", "Basket", "{76E7DA3B-92C6-4A22-86AB-F4F23A86B8C8}"
EndProject
Project("{9A19103F-16F7-4668-BE54-9A1E7A4F7556}") = "Basket.API", "src\Services\Basket\Basket.API\Basket.API.csproj", "{4B7D93F0-7126-447F-BFA8-D71DCEB9CEF4}"
EndProject
Project("{2150E333-8FDC-42A3-9474-1A3956D46DE8}") = "Location", "Location", "{A8C6194C-5A16-4F49-BC10-D898E99C6C7E}"
EndProject
Global
	GlobalSection(SolutionConfigurationPlatforms) = preSolution
		Debug|Any CPU = Debug|Any CPU
		Release|Any CPU = Release|Any CPU
	EndGlobalSection
	GlobalSection(ProjectConfigurationPlatforms) = postSolution
		{905912E8-50EE-401C-9727-31399F5B6B9E}.Debug|Any CPU.ActiveCfg = Debug|Any CPU
		{905912E8-50EE-401C-9727-31399F5B6B9E}.Debug|Any CPU.Build.0 = Debug|Any CPU
		{905912E8-50EE-401C-9727-31399F5B6B9E}.Release|Any CPU.ActiveCfg = Release|Any CPU
		{905912E8-50EE-401C-9727-31399F5B6B9E}.Release|Any CPU.Build.0 = Release|Any CPU
		{AB94BC9F-51A1-464F-8FC0-8CB0D8A667C6}.Debug|Any CPU.ActiveCfg = Debug|Any CPU
		{AB94BC9F-51A1-464F-8FC0-8CB0D8A667C6}.Debug|Any CPU.Build.0 = Debug|Any CPU
		{AB94BC9F-51A1-464F-8FC0-8CB0D8A667C6}.Release|Any CPU.ActiveCfg = Release|Any CPU
		{AB94BC9F-51A1-464F-8FC0-8CB0D8A667C6}.Release|Any CPU.Build.0 = Release|Any CPU
		{4B7D93F0-7126-447F-BFA8-D71DCEB9CEF4}.Debug|Any CPU.ActiveCfg = Debug|Any CPU
		{4B7D93F0-7126-447F-BFA8-D71DCEB9CEF4}.Debug|Any CPU.Build.0 = Debug|Any CPU
		{4B7D93F0-7126-447F-BFA8-D71DCEB9CEF4}.Release|Any CPU.ActiveCfg = Release|Any CPU
		{4B7D93F0-7126-447F-BFA8-D71DCEB9CEF4}.Release|Any CPU.Build.0 = Release|Any CPU
	EndGlobalSection
	GlobalSection(SolutionProperties) = preSolution
		HideSolutionNode = FALSE
	EndGlobalSection
	GlobalSection(NestedProjects) = preSolution
		{905912E8-50EE-401C-9727-31399F5B6B9E} = {91BB4504-F534-401E-9005-226C40D71200}
		{91BB4504-F534-401E-9005-226C40D71200} = {A029CBEC-816A-4F6F-BC10-2858515353EE}
		{95120BBA-F21D-4C41-947D-ECEC2A2AB2EB} = {A029CBEC-816A-4F6F-BC10-2858515353EE}
		{AA159882-BE66-4D87-B2E5-589F6152A344} = {95120BBA-F21D-4C41-947D-ECEC2A2AB2EB}
		{AB94BC9F-51A1-464F-8FC0-8CB0D8A667C6} = {AA159882-BE66-4D87-B2E5-589F6152A344}
		{76E7DA3B-92C6-4A22-86AB-F4F23A86B8C8} = {95120BBA-F21D-4C41-947D-ECEC2A2AB2EB}
		{4B7D93F0-7126-447F-BFA8-D71DCEB9CEF4} = {76E7DA3B-92C6-4A22-86AB-F4F23A86B8C8}
		{A8C6194C-5A16-4F49-BC10-D898E99C6C7E} = {95120BBA-F21D-4C41-947D-ECEC2A2AB2EB}
	EndGlobalSection
	GlobalSection(ExtensibilityGlobals) = postSolution
		SolutionGuid = {A550837D-ABE5-4A5C-A81C-FDCCBA9FE132}
	EndGlobalSection
EndGlobal
